
Microsoft Visual Studio Solution File, Format Version 12.00
# Visual Studio 2013
VisualStudioVersion = 12.0.40629.0
MinimumVisualStudioVersion = 10.0.40219.1
Project("{8BC9CEB8-8B4A-11D0-8D11-00A0C91BC942}") = "TestAlgorithm", "TestAlgorithm\TestAlgorithm.vcxproj", "{318A9292-180D-4CFA-B2FF-0E1AD6BCC048}"
EndProject
Project("{8BC9CEB8-8B4A-11D0-8D11-00A0C91BC942}") = "JeffSomers", "JeffSomers\JeffSomers.vcxproj", "{ABFCA515-75BB-4E4E-AD71-660D022C2862}"
EndProject
Project("{8BC9CEB8-8B4A-11D0-8D11-00A0C91BC942}") = "MazeSolver미로찾기(백트래킹)", "MazeSolver미로찾기(백트래킹)\MazeSolver미로찾기(백트래킹).vcxproj", "{0A13BBB6-B3E1-446D-B6CF-F71B4C0DC5B1}"
EndProject
Project("{8BC9CEB8-8B4A-11D0-8D11-00A0C91BC942}") = "괄호", "괄호\괄호.vcxproj", "{116DA402-0900-4777-8819-57D7E72CDA38}"
EndProject
Project("{8BC9CEB8-8B4A-11D0-8D11-00A0C91BC942}") = "쇠막대기", "쇠막대기\쇠막대기.vcxproj", "{85E0DDE2-9B6B-4EDB-8E19-34769F7156B0}"
EndProject
Project("{8BC9CEB8-8B4A-11D0-8D11-00A0C91BC942}") = "에디터", "에디터\에디터.vcxproj", "{7758BCC7-627E-450F-99A5-933690A09D45}"
EndProject
Project("{8BC9CEB8-8B4A-11D0-8D11-00A0C91BC942}") = "1로만들기", "1로만들기\1로만들기.vcxproj", "{776D8C2E-C7B2-4005-8197-86330E27B620}"
EndProject
Project("{8BC9CEB8-8B4A-11D0-8D11-00A0C91BC942}") = "2xn타일링", "2xn타일링\2xn타일링.vcxproj", "{A75F6A32-496C-4DAB-983D-ED0CE203A52E}"
EndProject
Project("{8BC9CEB8-8B4A-11D0-8D11-00A0C91BC942}") = "1,2,3더하기", "1,2,3더하기\1,2,3더하기.vcxproj", "{FCEA3999-4806-4945-96D7-C1843397738C}"
EndProject
Project("{8BC9CEB8-8B4A-11D0-8D11-00A0C91BC942}") = "ReversePrint", "ReversePrint\ReversePrint.vcxproj", "{236C5FDF-7A24-4C10-82BF-C65719BEDB33}"
EndProject
Project("{8BC9CEB8-8B4A-11D0-8D11-00A0C91BC942}") = "랜선자르기", "랜선자르기\랜선자르기.vcxproj", "{6986DC01-5501-41F9-B2ED-A4531A50A263}"
EndProject
Project("{8BC9CEB8-8B4A-11D0-8D11-00A0C91BC942}") = "줄세우기", "줄세우기\줄세우기.vcxproj", "{9366011A-0BC8-4112-A91A-A04F766437C9}"
EndProject
Project("{8BC9CEB8-8B4A-11D0-8D11-00A0C91BC942}") = "문자열함수", "문자열함수\문자열함수.vcxproj", "{4555F231-4AB0-4C21-8072-D8A385F674B4}"
EndProject
Project("{8BC9CEB8-8B4A-11D0-8D11-00A0C91BC942}") = "면접준비", "면접준비\면접준비.vcxproj", "{FF622E3B-0A18-4B43-B5DD-311DDE7307B2}"
EndProject
Project("{8BC9CEB8-8B4A-11D0-8D11-00A0C91BC942}") = "최대공배수_최소공약수", "최대공배수_최소공약수\최대공배수_최소공약수.vcxproj", "{7C886259-7E57-4AD2-91C9-4DBEE5D0790D}"
EndProject
Global
	GlobalSection(SolutionConfigurationPlatforms) = preSolution
		Debug|Any CPU = Debug|Any CPU
		Debug|Mixed Platforms = Debug|Mixed Platforms
		Debug|Win32 = Debug|Win32
		Release|Any CPU = Release|Any CPU
		Release|Mixed Platforms = Release|Mixed Platforms
		Release|Win32 = Release|Win32
	EndGlobalSection
	GlobalSection(ProjectConfigurationPlatforms) = postSolution
		{318A9292-180D-4CFA-B2FF-0E1AD6BCC048}.Debug|Any CPU.ActiveCfg = Debug|Win32
		{318A9292-180D-4CFA-B2FF-0E1AD6BCC048}.Debug|Mixed Platforms.ActiveCfg = Debug|Win32
		{318A9292-180D-4CFA-B2FF-0E1AD6BCC048}.Debug|Mixed Platforms.Build.0 = Debug|Win32
		{318A9292-180D-4CFA-B2FF-0E1AD6BCC048}.Debug|Win32.ActiveCfg = Debug|Win32
		{318A9292-180D-4CFA-B2FF-0E1AD6BCC048}.Debug|Win32.Build.0 = Debug|Win32
		{318A9292-180D-4CFA-B2FF-0E1AD6BCC048}.Release|Any CPU.ActiveCfg = Release|Win32
		{318A9292-180D-4CFA-B2FF-0E1AD6BCC048}.Release|Mixed Platforms.ActiveCfg = Release|Win32
		{318A9292-180D-4CFA-B2FF-0E1AD6BCC048}.Release|Mixed Platforms.Build.0 = Release|Win32
		{318A9292-180D-4CFA-B2FF-0E1AD6BCC048}.Release|Win32.ActiveCfg = Release|Win32
		{318A9292-180D-4CFA-B2FF-0E1AD6BCC048}.Release|Win32.Build.0 = Release|Win32
		{ABFCA515-75BB-4E4E-AD71-660D022C2862}.Debug|Any CPU.ActiveCfg = Debug|Win32
		{ABFCA515-75BB-4E4E-AD71-660D022C2862}.Debug|Mixed Platforms.ActiveCfg = Debug|Win32
		{ABFCA515-75BB-4E4E-AD71-660D022C2862}.Debug|Mixed Platforms.Build.0 = Debug|Win32
		{ABFCA515-75BB-4E4E-AD71-660D022C2862}.Debug|Win32.ActiveCfg = Debug|Win32
		{ABFCA515-75BB-4E4E-AD71-660D022C2862}.Debug|Win32.Build.0 = Debug|Win32
		{ABFCA515-75BB-4E4E-AD71-660D022C2862}.Release|Any CPU.ActiveCfg = Release|Win32
		{ABFCA515-75BB-4E4E-AD71-660D022C2862}.Release|Mixed Platforms.ActiveCfg = Release|Win32
		{ABFCA515-75BB-4E4E-AD71-660D022C2862}.Release|Mixed Platforms.Build.0 = Release|Win32
		{ABFCA515-75BB-4E4E-AD71-660D022C2862}.Release|Win32.ActiveCfg = Release|Win32
		{ABFCA515-75BB-4E4E-AD71-660D022C2862}.Release|Win32.Build.0 = Release|Win32
		{0A13BBB6-B3E1-446D-B6CF-F71B4C0DC5B1}.Debug|Any CPU.ActiveCfg = Debug|Win32
		{0A13BBB6-B3E1-446D-B6CF-F71B4C0DC5B1}.Debug|Mixed Platforms.ActiveCfg = Debug|Win32
		{0A13BBB6-B3E1-446D-B6CF-F71B4C0DC5B1}.Debug|Win32.ActiveCfg = Debug|Win32
		{0A13BBB6-B3E1-446D-B6CF-F71B4C0DC5B1}.Debug|Win32.Build.0 = Debug|Win32
		{0A13BBB6-B3E1-446D-B6CF-F71B4C0DC5B1}.Release|Any CPU.ActiveCfg = Release|Win32
		{0A13BBB6-B3E1-446D-B6CF-F71B4C0DC5B1}.Release|Mixed Platforms.ActiveCfg = Release|Win32
		{0A13BBB6-B3E1-446D-B6CF-F71B4C0DC5B1}.Release|Win32.ActiveCfg = Release|Win32
		{0A13BBB6-B3E1-446D-B6CF-F71B4C0DC5B1}.Release|Win32.Build.0 = Release|Win32
		{116DA402-0900-4777-8819-57D7E72CDA38}.Debug|Any CPU.ActiveCfg = Debug|Win32
		{116DA402-0900-4777-8819-57D7E72CDA38}.Debug|Mixed Platforms.ActiveCfg = Debug|Win32
		{116DA402-0900-4777-8819-57D7E72CDA38}.Debug|Mixed Platforms.Build.0 = Debug|Win32
		{116DA402-0900-4777-8819-57D7E72CDA38}.Debug|Win32.ActiveCfg = Debug|Win32
		{116DA402-0900-4777-8819-57D7E72CDA38}.Debug|Win32.Build.0 = Debug|Win32
		{116DA402-0900-4777-8819-57D7E72CDA38}.Release|Any CPU.ActiveCfg = Release|Win32
		{116DA402-0900-4777-8819-57D7E72CDA38}.Release|Mixed Platforms.ActiveCfg = Release|Win32
		{116DA402-0900-4777-8819-57D7E72CDA38}.Release|Mixed Platforms.Build.0 = Release|Win32
		{116DA402-0900-4777-8819-57D7E72CDA38}.Release|Win32.ActiveCfg = Release|Win32
		{116DA402-0900-4777-8819-57D7E72CDA38}.Release|Win32.Build.0 = Release|Win32
		{85E0DDE2-9B6B-4EDB-8E19-34769F7156B0}.Debug|Any CPU.ActiveCfg = Debug|Win32
		{85E0DDE2-9B6B-4EDB-8E19-34769F7156B0}.Debug|Mixed Platforms.ActiveCfg = Debug|Win32
		{85E0DDE2-9B6B-4EDB-8E19-34769F7156B0}.Debug|Mixed Platforms.Build.0 = Debug|Win32
		{85E0DDE2-9B6B-4EDB-8E19-34769F7156B0}.Debug|Win32.ActiveCfg = Debug|Win32
		{85E0DDE2-9B6B-4EDB-8E19-34769F7156B0}.Debug|Win32.Build.0 = Debug|Win32
		{85E0DDE2-9B6B-4EDB-8E19-34769F7156B0}.Release|Any CPU.ActiveCfg = Release|Win32
		{85E0DDE2-9B6B-4EDB-8E19-34769F7156B0}.Release|Mixed Platforms.ActiveCfg = Release|Win32
		{85E0DDE2-9B6B-4EDB-8E19-34769F7156B0}.Release|Mixed Platforms.Build.0 = Release|Win32
		{85E0DDE2-9B6B-4EDB-8E19-34769F7156B0}.Release|Win32.ActiveCfg = Release|Win32
		{85E0DDE2-9B6B-4EDB-8E19-34769F7156B0}.Release|Win32.Build.0 = Release|Win32
		{7758BCC7-627E-450F-99A5-933690A09D45}.Debug|Any CPU.ActiveCfg = Debug|Win32
		{7758BCC7-627E-450F-99A5-933690A09D45}.Debug|Mixed Platforms.ActiveCfg = Debug|Win32
		{7758BCC7-627E-450F-99A5-933690A09D45}.Debug|Mixed Platforms.Build.0 = Debug|Win32
		{7758BCC7-627E-450F-99A5-933690A09D45}.Debug|Win32.ActiveCfg = Debug|Win32
		{7758BCC7-627E-450F-99A5-933690A09D45}.Debug|Win32.Build.0 = Debug|Win32
		{7758BCC7-627E-450F-99A5-933690A09D45}.Release|Any CPU.ActiveCfg = Release|Win32
		{7758BCC7-627E-450F-99A5-933690A09D45}.Release|Mixed Platforms.ActiveCfg = Release|Win32
		{7758BCC7-627E-450F-99A5-933690A09D45}.Release|Mixed Platforms.Build.0 = Release|Win32
		{7758BCC7-627E-450F-99A5-933690A09D45}.Release|Win32.ActiveCfg = Release|Win32
		{7758BCC7-627E-450F-99A5-933690A09D45}.Release|Win32.Build.0 = Release|Win32
		{776D8C2E-C7B2-4005-8197-86330E27B620}.Debug|Any CPU.ActiveCfg = Debug|Win32
		{776D8C2E-C7B2-4005-8197-86330E27B620}.Debug|Mixed Platforms.ActiveCfg = Debug|Win32
		{776D8C2E-C7B2-4005-8197-86330E27B620}.Debug|Mixed Platforms.Build.0 = Debug|Win32
		{776D8C2E-C7B2-4005-8197-86330E27B620}.Debug|Win32.ActiveCfg = Debug|Win32
		{776D8C2E-C7B2-4005-8197-86330E27B620}.Debug|Win32.Build.0 = Debug|Win32
		{776D8C2E-C7B2-4005-8197-86330E27B620}.Release|Any CPU.ActiveCfg = Release|Win32
		{776D8C2E-C7B2-4005-8197-86330E27B620}.Release|Mixed Platforms.ActiveCfg = Release|Win32
		{776D8C2E-C7B2-4005-8197-86330E27B620}.Release|Mixed Platforms.Build.0 = Release|Win32
		{776D8C2E-C7B2-4005-8197-86330E27B620}.Release|Win32.ActiveCfg = Release|Win32
		{776D8C2E-C7B2-4005-8197-86330E27B620}.Release|Win32.Build.0 = Release|Win32
		{A75F6A32-496C-4DAB-983D-ED0CE203A52E}.Debug|Any CPU.ActiveCfg = Debug|Win32
		{A75F6A32-496C-4DAB-983D-ED0CE203A52E}.Debug|Mixed Platforms.ActiveCfg = Debug|Win32
		{A75F6A32-496C-4DAB-983D-ED0CE203A52E}.Debug|Mixed Platforms.Build.0 = Debug|Win32
		{A75F6A32-496C-4DAB-983D-ED0CE203A52E}.Debug|Win32.ActiveCfg = Debug|Win32
		{A75F6A32-496C-4DAB-983D-ED0CE203A52E}.Debug|Win32.Build.0 = Debug|Win32
		{A75F6A32-496C-4DAB-983D-ED0CE203A52E}.Release|Any CPU.ActiveCfg = Release|Win32
		{A75F6A32-496C-4DAB-983D-ED0CE203A52E}.Release|Mixed Platforms.ActiveCfg = Release|Win32
		{A75F6A32-496C-4DAB-983D-ED0CE203A52E}.Release|Mixed Platforms.Build.0 = Release|Win32
		{A75F6A32-496C-4DAB-983D-ED0CE203A52E}.Release|Win32.ActiveCfg = Release|Win32
		{A75F6A32-496C-4DAB-983D-ED0CE203A52E}.Release|Win32.Build.0 = Release|Win32
		{FCEA3999-4806-4945-96D7-C1843397738C}.Debug|Any CPU.ActiveCfg = Debug|Win32
		{FCEA3999-4806-4945-96D7-C1843397738C}.Debug|Mixed Platforms.ActiveCfg = Debug|Win32
		{FCEA3999-4806-4945-96D7-C1843397738C}.Debug|Mixed Platforms.Build.0 = Debug|Win32
		{FCEA3999-4806-4945-96D7-C1843397738C}.Debug|Win32.ActiveCfg = Debug|Win32
		{FCEA3999-4806-4945-96D7-C1843397738C}.Debug|Win32.Build.0 = Debug|Win32
		{FCEA3999-4806-4945-96D7-C1843397738C}.Release|Any CPU.ActiveCfg = Release|Win32
		{FCEA3999-4806-4945-96D7-C1843397738C}.Release|Mixed Platforms.ActiveCfg = Release|Win32
		{FCEA3999-4806-4945-96D7-C1843397738C}.Release|Mixed Platforms.Build.0 = Release|Win32
		{FCEA3999-4806-4945-96D7-C1843397738C}.Release|Win32.ActiveCfg = Release|Win32
		{FCEA3999-4806-4945-96D7-C1843397738C}.Release|Win32.Build.0 = Release|Win32
		{236C5FDF-7A24-4C10-82BF-C65719BEDB33}.Debug|Any CPU.ActiveCfg = Debug|Win32
		{236C5FDF-7A24-4C10-82BF-C65719BEDB33}.Debug|Mixed Platforms.ActiveCfg = Debug|Win32
		{236C5FDF-7A24-4C10-82BF-C65719BEDB33}.Debug|Mixed Platforms.Build.0 = Debug|Win32
		{236C5FDF-7A24-4C10-82BF-C65719BEDB33}.Debug|Win32.ActiveCfg = Debug|Win32
		{236C5FDF-7A24-4C10-82BF-C65719BEDB33}.Debug|Win32.Build.0 = Debug|Win32
		{236C5FDF-7A24-4C10-82BF-C65719BEDB33}.Release|Any CPU.ActiveCfg = Release|Win32
		{236C5FDF-7A24-4C10-82BF-C65719BEDB33}.Release|Mixed Platforms.ActiveCfg = Release|Win32
		{236C5FDF-7A24-4C10-82BF-C65719BEDB33}.Release|Mixed Platforms.Build.0 = Release|Win32
		{236C5FDF-7A24-4C10-82BF-C65719BEDB33}.Release|Win32.ActiveCfg = Release|Win32
		{236C5FDF-7A24-4C10-82BF-C65719BEDB33}.Release|Win32.Build.0 = Release|Win32
		{6986DC01-5501-41F9-B2ED-A4531A50A263}.Debug|Any CPU.ActiveCfg = Debug|Win32
		{6986DC01-5501-41F9-B2ED-A4531A50A263}.Debug|Mixed Platforms.ActiveCfg = Debug|Win32
		{6986DC01-5501-41F9-B2ED-A4531A50A263}.Debug|Mixed Platforms.Build.0 = Debug|Win32
		{6986DC01-5501-41F9-B2ED-A4531A50A263}.Debug|Win32.ActiveCfg = Debug|Win32
		{6986DC01-5501-41F9-B2ED-A4531A50A263}.Debug|Win32.Build.0 = Debug|Win32
		{6986DC01-5501-41F9-B2ED-A4531A50A263}.Release|Any CPU.ActiveCfg = Release|Win32
		{6986DC01-5501-41F9-B2ED-A4531A50A263}.Release|Mixed Platforms.ActiveCfg = Release|Win32
		{6986DC01-5501-41F9-B2ED-A4531A50A263}.Release|Mixed Platforms.Build.0 = Release|Win32
		{6986DC01-5501-41F9-B2ED-A4531A50A263}.Release|Win32.ActiveCfg = Release|Win32
		{6986DC01-5501-41F9-B2ED-A4531A50A263}.Release|Win32.Build.0 = Release|Win32
		{9366011A-0BC8-4112-A91A-A04F766437C9}.Debug|Any CPU.ActiveCfg = Debug|Win32
		{9366011A-0BC8-4112-A91A-A04F766437C9}.Debug|Mixed Platforms.ActiveCfg = Debug|Win32
		{9366011A-0BC8-4112-A91A-A04F766437C9}.Debug|Mixed Platforms.Build.0 = Debug|Win32
		{9366011A-0BC8-4112-A91A-A04F766437C9}.Debug|Win32.ActiveCfg = Debug|Win32
		{9366011A-0BC8-4112-A91A-A04F766437C9}.Debug|Win32.Build.0 = Debug|Win32
		{9366011A-0BC8-4112-A91A-A04F766437C9}.Release|Any CPU.ActiveCfg = Release|Win32
		{9366011A-0BC8-4112-A91A-A04F766437C9}.Release|Mixed Platforms.ActiveCfg = Release|Win32
		{9366011A-0BC8-4112-A91A-A04F766437C9}.Release|Mixed Platforms.Build.0 = Release|Win32
		{9366011A-0BC8-4112-A91A-A04F766437C9}.Release|Win32.ActiveCfg = Release|Win32
		{9366011A-0BC8-4112-A91A-A04F766437C9}.Release|Win32.Build.0 = Release|Win32
		{4555F231-4AB0-4C21-8072-D8A385F674B4}.Debug|Any CPU.ActiveCfg = Debug|Win32
		{4555F231-4AB0-4C21-8072-D8A385F674B4}.Debug|Mixed Platforms.ActiveCfg = Debug|Win32
		{4555F231-4AB0-4C21-8072-D8A385F674B4}.Debug|Mixed Platforms.Build.0 = Debug|Win32
		{4555F231-4AB0-4C21-8072-D8A385F674B4}.Debug|Win32.ActiveCfg = Debug|Win32
		{4555F231-4AB0-4C21-8072-D8A385F674B4}.Debug|Win32.Build.0 = Debug|Win32
		{4555F231-4AB0-4C21-8072-D8A385F674B4}.Release|Any CPU.ActiveCfg = Release|Win32
		{4555F231-4AB0-4C21-8072-D8A385F674B4}.Release|Mixed Platforms.ActiveCfg = Release|Win32
		{4555F231-4AB0-4C21-8072-D8A385F674B4}.Release|Mixed Platforms.Build.0 = Release|Win32
		{4555F231-4AB0-4C21-8072-D8A385F674B4}.Release|Win32.ActiveCfg = Release|Win32
		{4555F231-4AB0-4C21-8072-D8A385F674B4}.Release|Win32.Build.0 = Release|Win32
		{FF622E3B-0A18-4B43-B5DD-311DDE7307B2}.Debug|Any CPU.ActiveCfg = Debug|Win32
		{FF622E3B-0A18-4B43-B5DD-311DDE7307B2}.Debug|Mixed Platforms.ActiveCfg = Debug|Win32
		{FF622E3B-0A18-4B43-B5DD-311DDE7307B2}.Debug|Mixed Platforms.Build.0 = Debug|Win32
		{FF622E3B-0A18-4B43-B5DD-311DDE7307B2}.Debug|Win32.ActiveCfg = Debug|Win32
		{FF622E3B-0A18-4B43-B5DD-311DDE7307B2}.Debug|Win32.Build.0 = Debug|Win32
		{FF622E3B-0A18-4B43-B5DD-311DDE7307B2}.Release|Any CPU.ActiveCfg = Release|Win32
		{FF622E3B-0A18-4B43-B5DD-311DDE7307B2}.Release|Mixed Platforms.ActiveCfg = Release|Win32
		{FF622E3B-0A18-4B43-B5DD-311DDE7307B2}.Release|Mixed Platforms.Build.0 = Release|Win32
		{FF622E3B-0A18-4B43-B5DD-311DDE7307B2}.Release|Win32.ActiveCfg = Release|Win32
		{FF622E3B-0A18-4B43-B5DD-311DDE7307B2}.Release|Win32.Build.0 = Release|Win32
		{7C886259-7E57-4AD2-91C9-4DBEE5D0790D}.Debug|Any CPU.ActiveCfg = Debug|Win32
		{7C886259-7E57-4AD2-91C9-4DBEE5D0790D}.Debug|Mixed Platforms.ActiveCfg = Debug|Win32
		{7C886259-7E57-4AD2-91C9-4DBEE5D0790D}.Debug|Mixed Platforms.Build.0 = Debug|Win32
		{7C886259-7E57-4AD2-91C9-4DBEE5D0790D}.Debug|Win32.ActiveCfg = Debug|Win32
		{7C886259-7E57-4AD2-91C9-4DBEE5D0790D}.Debug|Win32.Build.0 = Debug|Win32
		{7C886259-7E57-4AD2-91C9-4DBEE5D0790D}.Release|Any CPU.ActiveCfg = Release|Win32
		{7C886259-7E57-4AD2-91C9-4DBEE5D0790D}.Release|Mixed Platforms.ActiveCfg = Release|Win32
		{7C886259-7E57-4AD2-91C9-4DBEE5D0790D}.Release|Mixed Platforms.Build.0 = Release|Win32
		{7C886259-7E57-4AD2-91C9-4DBEE5D0790D}.Release|Win32.ActiveCfg = Release|Win32
		{7C886259-7E57-4AD2-91C9-4DBEE5D0790D}.Release|Win32.Build.0 = Release|Win32
	EndGlobalSection
	GlobalSection(SolutionProperties) = preSolution
		HideSolutionNode = FALSE
	EndGlobalSection
EndGlobal
